// !$*UTF8*$!
{
	archiveVersion = 1;
	classes = {
	};
	objectVersion = 56;
	objects = {

/* Begin PBXBuildFile section */
		E5C043C429003C7700A97F48 /* TrekrApp.swift in Sources */ = {isa = PBXBuildFile; fileRef = E5C043C329003C7700A97F48 /* TrekrApp.swift */; };
		E5C043C629003C7700A97F48 /* ContentView.swift in Sources */ = {isa = PBXBuildFile; fileRef = E5C043C529003C7700A97F48 /* ContentView.swift */; };
		E5C043C829003C7A00A97F48 /* Assets.xcassets in Resources */ = {isa = PBXBuildFile; fileRef = E5C043C729003C7A00A97F48 /* Assets.xcassets */; };
		E5C043CB29003C7A00A97F48 /* Preview Assets.xcassets in Resources */ = {isa = PBXBuildFile; fileRef = E5C043CA29003C7A00A97F48 /* Preview Assets.xcassets */; };
		E5C043D32900589F00A97F48 /* locations.json in Resources */ = {isa = PBXBuildFile; fileRef = E5C043D12900589E00A97F48 /* locations.json */; };
		E5C043D42900589F00A97F48 /* tips.json in Resources */ = {isa = PBXBuildFile; fileRef = E5C043D22900589F00A97F48 /* tips.json */; };
		E5C14D352900694D00F7AE81 /* Location.swift in Sources */ = {isa = PBXBuildFile; fileRef = E5C14D342900694D00F7AE81 /* Location.swift */; };
		E5C14D3729006D9600F7AE81 /* Locations.swift in Sources */ = {isa = PBXBuildFile; fileRef = E5C14D3629006D9600F7AE81 /* Locations.swift */; };
		E5C14D392901A8D500F7AE81 /* WorldView.swift in Sources */ = {isa = PBXBuildFile; fileRef = E5C14D382901A8D500F7AE81 /* WorldView.swift */; };
		E5C14D3B2901B35C00F7AE81 /* Tip.swift in Sources */ = {isa = PBXBuildFile; fileRef = E5C14D3A2901B35C00F7AE81 /* Tip.swift */; };
		E5C14D3D2901B43200F7AE81 /* TipsView.swift in Sources */ = {isa = PBXBuildFile; fileRef = E5C14D3C2901B43200F7AE81 /* TipsView.swift */; };
/* End PBXBuildFile section */

/* Begin PBXFileReference section */
		E5C043C029003C7700A97F48 /* Trekr.app */ = {isa = PBXFileReference; explicitFileType = wrapper.application; includeInIndex = 0; path = Trekr.app; sourceTree = BUILT_PRODUCTS_DIR; };
		E5C043C329003C7700A97F48 /* TrekrApp.swift */ = {isa = PBXFileReference; lastKnownFileType = sourcecode.swift; path = TrekrApp.swift; sourceTree = "<group>"; };
		E5C043C529003C7700A97F48 /* ContentView.swift */ = {isa = PBXFileReference; lastKnownFileType = sourcecode.swift; path = ContentView.swift; sourceTree = "<group>"; };
		E5C043C729003C7A00A97F48 /* Assets.xcassets */ = {isa = PBXFileReference; lastKnownFileType = folder.assetcatalog; path = Assets.xcassets; sourceTree = "<group>"; };
		E5C043CA29003C7A00A97F48 /* Preview Assets.xcassets */ = {isa = PBXFileReference; lastKnownFileType = folder.assetcatalog; path = "Preview Assets.xcassets"; sourceTree = "<group>"; };
		E5C043D12900589E00A97F48 /* locations.json */ = {isa = PBXFileReference; fileEncoding = 4; lastKnownFileType = text.json; path = locations.json; sourceTree = "<group>"; };
		E5C043D22900589F00A97F48 /* tips.json */ = {isa = PBXFileReference; fileEncoding = 4; lastKnownFileType = text.json; path = tips.json; sourceTree = "<group>"; };
		E5C14D342900694D00F7AE81 /* Location.swift */ = {isa = PBXFileReference; lastKnownFileType = sourcecode.swift; path = Location.swift; sourceTree = "<group>"; };
		E5C14D3629006D9600F7AE81 /* Locations.swift */ = {isa = PBXFileReference; lastKnownFileType = sourcecode.swift; path = Locations.swift; sourceTree = "<group>"; };
		E5C14D382901A8D500F7AE81 /* WorldView.swift */ = {isa = PBXFileReference; lastKnownFileType = sourcecode.swift; path = WorldView.swift; sourceTree = "<group>"; };
		E5C14D3A2901B35C00F7AE81 /* Tip.swift */ = {isa = PBXFileReference; lastKnownFileType = sourcecode.swift; path = Tip.swift; sourceTree = "<group>"; };
		E5C14D3C2901B43200F7AE81 /* TipsView.swift */ = {isa = PBXFileReference; lastKnownFileType = sourcecode.swift; path = TipsView.swift; sourceTree = "<group>"; };
/* End PBXFileReference section */

/* Begin PBXFrameworksBuildPhase section */
		E5C043BD29003C7700A97F48 /* Frameworks */ = {
			isa = PBXFrameworksBuildPhase;
			buildActionMask = 2147483647;
			files = (
			);
			runOnlyForDeploymentPostprocessing = 0;
		};
/* End PBXFrameworksBuildPhase section */

/* Begin PBXGroup section */
		E5C043B729003C7700A97F48 = {
			isa = PBXGroup;
			children = (
				E5C043C229003C7700A97F48 /* Trekr */,
				E5C043C129003C7700A97F48 /* Products */,
			);
			sourceTree = "<group>";
		};
		E5C043C129003C7700A97F48 /* Products */ = {
			isa = PBXGroup;
			children = (
				E5C043C029003C7700A97F48 /* Trekr.app */,
			);
			name = Products;
			sourceTree = "<group>";
		};
		E5C043C229003C7700A97F48 /* Trekr */ = {
			isa = PBXGroup;
			children = (
				E5C043C329003C7700A97F48 /* TrekrApp.swift */,
				E5C14D382901A8D500F7AE81 /* WorldView.swift */,
				E5C14D3A2901B35C00F7AE81 /* Tip.swift */,
				E5C14D3C2901B43200F7AE81 /* TipsView.swift */,
				E5C043C529003C7700A97F48 /* ContentView.swift */,
				E5C14D342900694D00F7AE81 /* Location.swift */,
				E5C14D3629006D9600F7AE81 /* Locations.swift */,
				E5C043D12900589E00A97F48 /* locations.json */,
				E5C043D22900589F00A97F48 /* tips.json */,
				E5C043C729003C7A00A97F48 /* Assets.xcassets */,
				E5C043C929003C7A00A97F48 /* Preview Content */,
			);
			path = Trekr;
			sourceTree = "<group>";
		};
		E5C043C929003C7A00A97F48 /* Preview Content */ = {
			isa = PBXGroup;
			children = (
				E5C043CA29003C7A00A97F48 /* Preview Assets.xcassets */,
			);
			path = "Preview Content";
			sourceTree = "<group>";
		};
/* End PBXGroup section */

/* Begin PBXNativeTarget section */
		E5C043BF29003C7700A97F48 /* Trekr */ = {
			isa = PBXNativeTarget;
			buildConfigurationList = E5C043CE29003C7A00A97F48 /* Build configuration list for PBXNativeTarget "Trekr" */;
			buildPhases = (
				E5C043BC29003C7700A97F48 /* Sources */,
				E5C043BD29003C7700A97F48 /* Frameworks */,
				E5C043BE29003C7700A97F48 /* Resources */,
			);
			buildRules = (
			);
			dependencies = (
			);
			name = Trekr;
			productName = Trekr;
			productReference = E5C043C029003C7700A97F48 /* Trekr.app */;
			productType = "com.apple.product-type.application";
		};
/* End PBXNativeTarget section */

/* Begin PBXProject section */
		E5C043B829003C7700A97F48 /* Project object */ = {
			isa = PBXProject;
			attributes = {
				BuildIndependentTargetsInParallel = 1;
				LastSwiftUpdateCheck = 1400;
				LastUpgradeCheck = 1400;
				TargetAttributes = {
					E5C043BF29003C7700A97F48 = {
						CreatedOnToolsVersion = 14.0.1;
					};
				};
			};
			buildConfigurationList = E5C043BB29003C7700A97F48 /* Build configuration list for PBXProject "Trekr" */;
			compatibilityVersion = "Xcode 14.0";
			developmentRegion = en;
			hasScannedForEncodings = 0;
			knownRegions = (
				en,
				Base,
			);
			mainGroup = E5C043B729003C7700A97F48;
			productRefGroup = E5C043C129003C7700A97F48 /* Products */;
			projectDirPath = "";
			projectRoot = "";
			targets = (
				E5C043BF29003C7700A97F48 /* Trekr */,
			);
		};
/* End PBXProject section */

/* Begin PBXResourcesBuildPhase section */
		E5C043BE29003C7700A97F48 /* Resources */ = {
			isa = PBXResourcesBuildPhase;
			buildActionMask = 2147483647;
			files = (
				E5C043CB29003C7A00A97F48 /* Preview Assets.xcassets in Resources */,
				E5C043D42900589F00A97F48 /* tips.json in Resources */,
				E5C043D32900589F00A97F48 /* locations.json in Resources */,
				E5C043C829003C7A00A97F48 /* Assets.xcassets in Resources */,
			);
			runOnlyForDeploymentPostprocessing = 0;
		};
/* End PBXResourcesBuildPhase section */

/* Begin PBXSourcesBuildPhase section */
		E5C043BC29003C7700A97F48 /* Sources */ = {
			isa = PBXSourcesBuildPhase;
			buildActionMask = 2147483647;
			files = (
				E5C043C629003C7700A97F48 /* ContentView.swift in Sources */,
				E5C14D352900694D00F7AE81 /* Location.swift in Sources */,
				E5C14D392901A8D500F7AE81 /* WorldView.swift in Sources */,
				E5C14D3B2901B35C00F7AE81 /* Tip.swift in Sources */,
				E5C14D3D2901B43200F7AE81 /* TipsView.swift in Sources */,
				E5C14D3729006D9600F7AE81 /* Locations.swift in Sources */,
				E5C043C429003C7700A97F48 /* TrekrApp.swift in Sources */,
			);
			runOnlyForDeploymentPostprocessing = 0;
		};
/* End PBXSourcesBuildPhase section */

/* Begin XCBuildConfiguration section */
		E5C043CC29003C7A00A97F48 /* Debug */ = {
			isa = XCBuildConfiguration;
			buildSettings = {
				ALWAYS_SEARCH_USER_PATHS = NO;
				CLANG_ANALYZER_NONNULL = YES;
				CLANG_ANALYZER_NUMBER_OBJECT_CONVERSION = YES_AGGRESSIVE;
				CLANG_CXX_LANGUAGE_STANDARD = "gnu++20";
				CLANG_ENABLE_MODULES = YES;
				CLANG_ENABLE_OBJC_ARC = YES;
				CLANG_ENABLE_OBJC_WEAK = YES;
				CLANG_WARN_BLOCK_CAPTURE_AUTORELEASING = YES;
				CLANG_WARN_BOOL_CONVERSION = YES;
				CLANG_WARN_COMMA = YES;
				CLANG_WARN_CONSTANT_CONVERSION = YES;
				CLANG_WARN_DEPRECATED_OBJC_IMPLEMENTATIONS = YES;
				CLANG_WARN_DIRECT_OBJC_ISA_USAGE = YES_ERROR;
				CLANG_WARN_DOCUMENTATION_COMMENTS = YES;
				CLANG_WARN_EMPTY_BODY = YES;
				CLANG_WARN_ENUM_CONVERSION = YES;
				CLANG_WARN_INFINITE_RECURSION = YES;
				CLANG_WARN_INT_CONVERSION = YES;
				CLANG_WARN_NON_LITERAL_NULL_CONVERSION = YES;
				CLANG_WARN_OBJC_IMPLICIT_RETAIN_SELF = YES;
				CLANG_WARN_OBJC_LITERAL_CONVERSION = YES;
				CLANG_WARN_OBJC_ROOT_CLASS = YES_ERROR;
				CLANG_WARN_QUOTED_INCLUDE_IN_FRAMEWORK_HEADER = YES;
				CLANG_WARN_RANGE_LOOP_ANALYSIS = YES;
				CLANG_WARN_STRICT_PROTOTYPES = YES;
				CLANG_WARN_SUSPICIOUS_MOVE = YES;
				CLANG_WARN_UNGUARDED_AVAILABILITY = YES_AGGRESSIVE;
				CLANG_WARN_UNREACHABLE_CODE = YES;
				CLANG_WARN__DUPLICATE_METHOD_MATCH = YES;
				COPY_PHASE_STRIP = NO;
				DEBUG_INFORMATION_FORMAT = dwarf;
				ENABLE_STRICT_OBJC_MSGSEND = YES;
				ENABLE_TESTABILITY = YES;
				GCC_C_LANGUAGE_STANDARD = gnu11;
				GCC_DYNAMIC_NO_PIC = NO;
				GCC_NO_COMMON_BLOCKS = YES;
				GCC_OPTIMIZATION_LEVEL = 0;
				GCC_PREPROCESSOR_DEFINITIONS = (
					"DEBUG=1",
					"$(inherited)",
				);
				GCC_WARN_64_TO_32_BIT_CONVERSION = YES;
				GCC_WARN_ABOUT_RETURN_TYPE = YES_ERROR;
				GCC_WARN_UNDECLARED_SELECTOR = YES;
				GCC_WARN_UNINITIALIZED_AUTOS = YES_AGGRESSIVE;
				GCC_WARN_UNUSED_FUNCTION = YES;
				GCC_WARN_UNUSED_VARIABLE = YES;
				IPHONEOS_DEPLOYMENT_TARGET = 16.0;
				MTL_ENABLE_DEBUG_INFO = INCLUDE_SOURCE;
				MTL_FAST_MATH = YES;
				ONLY_ACTIVE_ARCH = YES;
				SDKROOT = iphoneos;
				SWIFT_ACTIVE_COMPILATION_CONDITIONS = DEBUG;
				SWIFT_OPTIMIZATION_LEVEL = "-Onone";
			};
			name = Debug;
		};
		E5C043CD29003C7A00A97F48 /* Release */ = {
			isa = XCBuildConfiguration;
			buildSettings = {
				ALWAYS_SEARCH_USER_PATHS = NO;
				CLANG_ANALYZER_NONNULL = YES;
				CLANG_ANALYZER_NUMBER_OBJECT_CONVERSION = YES_AGGRESSIVE;
				CLANG_CXX_LANGUAGE_STANDARD = "gnu++20";
				CLANG_ENABLE_MODULES = YES;
				CLANG_ENABLE_OBJC_ARC = YES;
				CLANG_ENABLE_OBJC_WEAK = YES;
				CLANG_WARN_BLOCK_CAPTURE_AUTORELEASING = YES;
				CLANG_WARN_BOOL_CONVERSION = YES;
				CLANG_WARN_COMMA = YES;
				CLANG_WARN_CONSTANT_CONVERSION = YES;
				CLANG_WARN_DEPRECATED_OBJC_IMPLEMENTATIONS = YES;
				CLANG_WARN_DIRECT_OBJC_ISA_USAGE = YES_ERROR;
				CLANG_WARN_DOCUMENTATION_COMMENTS = YES;
				CLANG_WARN_EMPTY_BODY = YES;
				CLANG_WARN_ENUM_CONVERSION = YES;
				CLANG_WARN_INFINITE_RECURSION = YES;
				CLANG_WARN_INT_CONVERSION = YES;
				CLANG_WARN_NON_LITERAL_NULL_CONVERSION = YES;
				CLANG_WARN_OBJC_IMPLICIT_RETAIN_SELF = YES;
				CLANG_WARN_OBJC_LITERAL_CONVERSION = YES;
				CLANG_WARN_OBJC_ROOT_CLASS = YES_ERROR;
				CLANG_WARN_QUOTED_INCLUDE_IN_FRAMEWORK_HEADER = YES;
				CLANG_WARN_RANGE_LOOP_ANALYSIS = YES;
				CLANG_WARN_STRICT_PROTOTYPES = YES;
				CLANG_WARN_SUSPICIOUS_MOVE = YES;
				CLANG_WARN_UNGUARDED_AVAILABILITY = YES_AGGRESSIVE;
				CLANG_WARN_UNREACHABLE_CODE = YES;
				CLANG_WARN__DUPLICATE_METHOD_MATCH = YES;
				COPY_PHASE_STRIP = NO;
				DEBUG_INFORMATION_FORMAT = "dwarf-with-dsym";
				ENABLE_NS_ASSERTIONS = NO;
				ENABLE_STRICT_OBJC_MSGSEND = YES;
				GCC_C_LANGUAGE_STANDARD = gnu11;
				GCC_NO_COMMON_BLOCKS = YES;
				GCC_WARN_64_TO_32_BIT_CONVERSION = YES;
				GCC_WARN_ABOUT_RETURN_TYPE = YES_ERROR;
				GCC_WARN_UNDECLARED_SELECTOR = YES;
				GCC_WARN_UNINITIALIZED_AUTOS = YES_AGGRESSIVE;
				GCC_WARN_UNUSED_FUNCTION = YES;
				GCC_WARN_UNUSED_VARIABLE = YES;
				IPHONEOS_DEPLOYMENT_TARGET = 16.0;
				MTL_ENABLE_DEBUG_INFO = NO;
				MTL_FAST_MATH = YES;
				SDKROOT = iphoneos;
				SWIFT_COMPILATION_MODE = wholemodule;
				SWIFT_OPTIMIZATION_LEVEL = "-O";
				VALIDATE_PRODUCT = YES;
			};
			name = Release;
		};
		E5C043CF29003C7A00A97F48 /* Debug */ = {
			isa = XCBuildConfiguration;
			buildSettings = {
				ASSETCATALOG_COMPILER_APPICON_NAME = AppIcon;
				ASSETCATALOG_COMPILER_GLOBAL_ACCENT_COLOR_NAME = AccentColor;
				CODE_SIGN_STYLE = Automatic;
				CURRENT_PROJECT_VERSION = 1;
				DEVELOPMENT_ASSET_PATHS = "\"Trekr/Preview Content\"";
				ENABLE_PREVIEWS = YES;
				GENERATE_INFOPLIST_FILE = YES;
				INFOPLIST_KEY_CFBundleDisplayName = Trekr;
				INFOPLIST_KEY_LSApplicationCategoryType = "public.app-category.travel";
				INFOPLIST_KEY_UIApplicationSceneManifest_Generation = YES;
				INFOPLIST_KEY_UIApplicationSupportsIndirectInputEvents = YES;
				INFOPLIST_KEY_UILaunchScreen_Generation = YES;
				INFOPLIST_KEY_UISupportedInterfaceOrientations = "UIInterfaceOrientationLandscapeLeft UIInterfaceOrientationLandscapeRight UIInterfaceOrientationPortrait";
				INFOPLIST_KEY_UISupportedInterfaceOrientations_iPad = "UIInterfaceOrientationLandscapeLeft UIInterfaceOrientationLandscapeRight UIInterfaceOrientationPortrait UIInterfaceOrientationPortraitUpsideDown";
				LD_RUNPATH_SEARCH_PATHS = (
					"$(inherited)",
					"@executable_path/Frameworks",
				);
				MARKETING_VERSION = 1.0;
				PRODUCT_BUNDLE_IDENTIFIER = "Shivam-Singhal.Trekr";
				PRODUCT_NAME = "$(TARGET_NAME)";
				SWIFT_EMIT_LOC_STRINGS = YES;
				SWIFT_VERSION = 5.0;
				TARGETED_DEVICE_FAMILY = "1,2";
			};
			name = Debug;
		};
		E5C043D029003C7A00A97F48 /* Release */ = {
			isa = XCBuildConfiguration;
			buildSettings = {
				ASSETCATALOG_COMPILER_APPICON_NAME = AppIcon;
				ASSETCATALOG_COMPILER_GLOBAL_ACCENT_COLOR_NAME = AccentColor;
				CODE_SIGN_STYLE = Automatic;
				CURRENT_PROJECT_VERSION = 1;
				DEVELOPMENT_ASSET_PATHS = "\"Trekr/Preview Content\"";
				ENABLE_PREVIEWS = YES;
				GENERATE_INFOPLIST_FILE = YES;
				INFOPLIST_KEY_CFBundleDisplayName = Trekr;
				INFOPLIST_KEY_LSApplicationCategoryType = "public.app-category.travel";
				INFOPLIST_KEY_UIApplicationSceneManifest_Generation = YES;
				INFOPLIST_KEY_UIApplicationSupportsIndirectInputEvents = YES;
				INFOPLIST_KEY_UILaunchScreen_Generation = YES;
				INFOPLIST_KEY_UISupportedInterfaceOrientations = "UIInterfaceOrientationLandscapeLeft UIInterfaceOrientationLandscapeRight UIInterfaceOrientationPortrait";
				INFOPLIST_KEY_UISupportedInterfaceOrientations_iPad = "UIInterfaceOrientationLandscapeLeft UIInterfaceOrientationLandscapeRight UIInterfaceOrientationPortrait UIInterfaceOrientationPortraitUpsideDown";
				LD_RUNPATH_SEARCH_PATHS = (
					"$(inherited)",
					"@executable_path/Frameworks",
				);
				MARKETING_VERSION = 1.0;
				PRODUCT_BUNDLE_IDENTIFIER = "Shivam-Singhal.Trekr";
				PRODUCT_NAME = "$(TARGET_NAME)";
				SWIFT_EMIT_LOC_STRINGS = YES;
				SWIFT_VERSION = 5.0;
				TARGETED_DEVICE_FAMILY = "1,2";
			};
			name = Release;
		};
/* End XCBuildConfiguration section */

/* Begin XCConfigurationList section */
		E5C043BB29003C7700A97F48 /* Build configuration list for PBXProject "Trekr" */ = {
			isa = XCConfigurationList;
			buildConfigurations = (
				E5C043CC29003C7A00A97F48 /* Debug */,
				E5C043CD29003C7A00A97F48 /* Release */,
			);
			defaultConfigurationIsVisible = 0;
			defaultConfigurationName = Release;
		};
		E5C043CE29003C7A00A97F48 /* Build configuration list for PBXNativeTarget "Trekr" */ = {
			isa = XCConfigurationList;
			buildConfigurations = (
				E5C043CF29003C7A00A97F48 /* Debug */,
				E5C043D029003C7A00A97F48 /* Release */,
			);
			defaultConfigurationIsVisible = 0;
			defaultConfigurationName = Release;
		};
/* End XCConfigurationList section */
	};
	rootObject = E5C043B829003C7700A97F48 /* Project object */;
}
